
Microsoft Visual Studio Solution File, Format Version 11.00
# Visual Studio 2010
Project("{2150E333-8FDC-42A3-9474-1A3956D46DE8}") = "Solution Items", "Solution Items", "{61A9F38A-3E99-4DE0-A808-24C3A59199AC}"
EndProject
Project("{F184B08F-C81C-45F6-A57F-5ABD9991F28F}") = "psicom", "psicom.vbproj", "{D97515FE-54FA-4179-BD09-DA34DC00CD09}"
EndProject
Global
	GlobalSection(SolutionConfigurationPlatforms) = preSolution
		Debug|Any CPU = Debug|Any CPU
		Release|Any CPU = Release|Any CPU
	EndGlobalSection
	GlobalSection(ProjectConfigurationPlatforms) = postSolution
		{D97515FE-54FA-4179-BD09-DA34DC00CD09}.Debug|Any CPU.ActiveCfg = Debug|Any CPU
		{D97515FE-54FA-4179-BD09-DA34DC00CD09}.Debug|Any CPU.Build.0 = Debug|Any CPU
		{D97515FE-54FA-4179-BD09-DA34DC00CD09}.Release|Any CPU.ActiveCfg = Release|Any CPU
		{D97515FE-54FA-4179-BD09-DA34DC00CD09}.Release|Any CPU.Build.0 = Release|Any CPU
	EndGlobalSection
	GlobalSection(SolutionProperties) = preSolution
		HideSolutionNode = FALSE
	EndGlobalSection
EndGlobal
